
Microsoft Visual Studio Solution File, Format Version 12.00
# Visual Studio Version 16
VisualStudioVersion = 16.0.30611.23
MinimumVisualStudioVersion = 10.0.40219.1
Project("{FAE04EC0-301F-11D3-BF4B-00C04F79EFBC}") = "OperationsWithGenerics", "OperationsWithGenerics\OperationsWithGenerics.csproj", "{97BFE2A9-4F92-4C80-B043-D5D4D55DE428}"
EndProject
Global
	GlobalSection(SolutionConfigurationPlatforms) = preSolution
		Debug|Any CPU = Debug|Any CPU
		Release|Any CPU = Release|Any CPU
	EndGlobalSection
	GlobalSection(ProjectConfigurationPlatforms) = postSolution
		{97BFE2A9-4F92-4C80-B043-D5D4D55DE428}.Debug|Any CPU.ActiveCfg = Debug|Any CPU
		{97BFE2A9-4F92-4C80-B043-D5D4D55DE428}.Debug|Any CPU.Build.0 = Debug|Any CPU
		{97BFE2A9-4F92-4C80-B043-D5D4D55DE428}.Release|Any CPU.ActiveCfg = Release|Any CPU
		{97BFE2A9-4F92-4C80-B043-D5D4D55DE428}.Release|Any CPU.Build.0 = Release|Any CPU
	EndGlobalSection
	GlobalSection(SolutionProperties) = preSolution
		HideSolutionNode = FALSE
	EndGlobalSection
	GlobalSection(ExtensibilityGlobals) = postSolution
		SolutionGuid = {F958960A-40A4-477F-975E-7352EAC2B202}
	EndGlobalSection
EndGlobal
